
Microsoft Visual Studio Solution File, Format Version 12.00
# Visual Studio Version 16
VisualStudioVersion = 16.0.32802.440
MinimumVisualStudioVersion = 10.0.40219.1
Project("{FAE04EC0-301F-11D3-BF4B-00C04F79EFBC}") = "RuletaAPI", "RuletaAPI\RuletaAPI.csproj", "{91056379-2921-4745-89E1-665884ADBA1B}"
EndProject
Global
	GlobalSection(SolutionConfigurationPlatforms) = preSolution
		Debug|Any CPU = Debug|Any CPU
		Release|Any CPU = Release|Any CPU
	EndGlobalSection
	GlobalSection(ProjectConfigurationPlatforms) = postSolution
		{91056379-2921-4745-89E1-665884ADBA1B}.Debug|Any CPU.ActiveCfg = Debug|Any CPU
		{91056379-2921-4745-89E1-665884ADBA1B}.Debug|Any CPU.Build.0 = Debug|Any CPU
		{91056379-2921-4745-89E1-665884ADBA1B}.Release|Any CPU.ActiveCfg = Release|Any CPU
		{91056379-2921-4745-89E1-665884ADBA1B}.Release|Any CPU.Build.0 = Release|Any CPU
	EndGlobalSection
	GlobalSection(SolutionProperties) = preSolution
		HideSolutionNode = FALSE
	EndGlobalSection
	GlobalSection(ExtensibilityGlobals) = postSolution
		SolutionGuid = {C760D31E-22F3-4469-B877-E31D18B636B9}
	EndGlobalSection
EndGlobal
